
Microsoft Visual Studio Solution File, Format Version 12.00
# Visual Studio 14
VisualStudioVersion = 14.0.25420.1
MinimumVisualStudioVersion = 10.0.40219.1
Project("{2150E333-8FDC-42A3-9474-1A3956D46DE8}") = "src", "src", "{E34AB47B-DA28-4A51-AA75-C90BC4BBA6A2}"
EndProject
Project("{2150E333-8FDC-42A3-9474-1A3956D46DE8}") = "Solution Items", "Solution Items", "{DD2C0F38-6635-4ACD-BD12-727BF90EE91F}"
	ProjectSection(SolutionItems) = preProject
		global.json = global.json
	EndProjectSection
EndProject
Project("{8BB2217D-0F2D-49D1-97BC-3654ED321F3B}") = "Banking", "src\Banking\Banking.xproj", "{A7B5164D-50EA-4B09-871A-8EB7E4F71A68}"
EndProject
Global
	GlobalSection(SolutionConfigurationPlatforms) = preSolution
		Debug|Any CPU = Debug|Any CPU
		Release|Any CPU = Release|Any CPU
	EndGlobalSection
	GlobalSection(ProjectConfigurationPlatforms) = postSolution
		{A7B5164D-50EA-4B09-871A-8EB7E4F71A68}.Debug|Any CPU.ActiveCfg = Debug|Any CPU
		{A7B5164D-50EA-4B09-871A-8EB7E4F71A68}.Debug|Any CPU.Build.0 = Debug|Any CPU
		{A7B5164D-50EA-4B09-871A-8EB7E4F71A68}.Release|Any CPU.ActiveCfg = Release|Any CPU
		{A7B5164D-50EA-4B09-871A-8EB7E4F71A68}.Release|Any CPU.Build.0 = Release|Any CPU
	EndGlobalSection
	GlobalSection(SolutionProperties) = preSolution
		HideSolutionNode = FALSE
	EndGlobalSection
	GlobalSection(NestedProjects) = preSolution
		{A7B5164D-50EA-4B09-871A-8EB7E4F71A68} = {E34AB47B-DA28-4A51-AA75-C90BC4BBA6A2}
	EndGlobalSection
EndGlobal
